// !$*UTF8*$!
{
	archiveVersion = 1;
	classes = {
	};
	objectVersion = 50;
	objects = {

/* Begin PBXBuildFile section */
		1935207B24CDD284004B286E /* TimerViewController.swift in Sources */ = {isa = PBXBuildFile; fileRef = 1935207A24CDD284004B286E /* TimerViewController.swift */; };
		19CD58A424A3425900E1C0D8 /* AppDelegate.swift in Sources */ = {isa = PBXBuildFile; fileRef = 19CD58A324A3425900E1C0D8 /* AppDelegate.swift */; };
		19CD58A624A3425900E1C0D8 /* SceneDelegate.swift in Sources */ = {isa = PBXBuildFile; fileRef = 19CD58A524A3425900E1C0D8 /* SceneDelegate.swift */; };
		19CD58A824A3425900E1C0D8 /* HoldViewController.swift in Sources */ = {isa = PBXBuildFile; fileRef = 19CD58A724A3425900E1C0D8 /* HoldViewController.swift */; };
		19CD58AB24A3425900E1C0D8 /* Main.storyboard in Resources */ = {isa = PBXBuildFile; fileRef = 19CD58A924A3425900E1C0D8 /* Main.storyboard */; };
		19CD58AD24A3425B00E1C0D8 /* Assets.xcassets in Resources */ = {isa = PBXBuildFile; fileRef = 19CD58AC24A3425B00E1C0D8 /* Assets.xcassets */; };
		19CD58B024A3425B00E1C0D8 /* LaunchScreen.storyboard in Resources */ = {isa = PBXBuildFile; fileRef = 19CD58AE24A3425B00E1C0D8 /* LaunchScreen.storyboard */; };
		2C6003F1D3876DBA3B346681 /* Pods_BrockTherapy.framework in Frameworks */ = {isa = PBXBuildFile; fileRef = 3C4FB709079E6801C6D03892 /* Pods_BrockTherapy.framework */; };
/* End PBXBuildFile section */

/* Begin PBXFileReference section */
		1935207A24CDD284004B286E /* TimerViewController.swift */ = {isa = PBXFileReference; lastKnownFileType = sourcecode.swift; path = TimerViewController.swift; sourceTree = "<group>"; };
		19CD58A024A3425900E1C0D8 /* BrockTherapy.app */ = {isa = PBXFileReference; explicitFileType = wrapper.application; includeInIndex = 0; path = BrockTherapy.app; sourceTree = BUILT_PRODUCTS_DIR; };
		19CD58A324A3425900E1C0D8 /* AppDelegate.swift */ = {isa = PBXFileReference; lastKnownFileType = sourcecode.swift; path = AppDelegate.swift; sourceTree = "<group>"; };
		19CD58A524A3425900E1C0D8 /* SceneDelegate.swift */ = {isa = PBXFileReference; lastKnownFileType = sourcecode.swift; path = SceneDelegate.swift; sourceTree = "<group>"; };
		19CD58A724A3425900E1C0D8 /* HoldViewController.swift */ = {isa = PBXFileReference; lastKnownFileType = sourcecode.swift; path = HoldViewController.swift; sourceTree = "<group>"; };
		19CD58AA24A3425900E1C0D8 /* Base */ = {isa = PBXFileReference; lastKnownFileType = file.storyboard; name = Base; path = Base.lproj/Main.storyboard; sourceTree = "<group>"; };
		19CD58AC24A3425B00E1C0D8 /* Assets.xcassets */ = {isa = PBXFileReference; lastKnownFileType = folder.assetcatalog; path = Assets.xcassets; sourceTree = "<group>"; };
		19CD58AF24A3425B00E1C0D8 /* Base */ = {isa = PBXFileReference; lastKnownFileType = file.storyboard; name = Base; path = Base.lproj/LaunchScreen.storyboard; sourceTree = "<group>"; };
		19CD58B124A3425B00E1C0D8 /* Info.plist */ = {isa = PBXFileReference; lastKnownFileType = text.plist.xml; path = Info.plist; sourceTree = "<group>"; };
		3C4FB709079E6801C6D03892 /* Pods_BrockTherapy.framework */ = {isa = PBXFileReference; explicitFileType = wrapper.framework; includeInIndex = 0; path = Pods_BrockTherapy.framework; sourceTree = BUILT_PRODUCTS_DIR; };
		79400C8FAE59ABC0173B1AFE /* Pods-BrockTherapy.release.xcconfig */ = {isa = PBXFileReference; includeInIndex = 1; lastKnownFileType = text.xcconfig; name = "Pods-BrockTherapy.release.xcconfig"; path = "Target Support Files/Pods-BrockTherapy/Pods-BrockTherapy.release.xcconfig"; sourceTree = "<group>"; };
		B09CD3A09C21B5E3CEB25C75 /* Pods-BrockTherapy.debug.xcconfig */ = {isa = PBXFileReference; includeInIndex = 1; lastKnownFileType = text.xcconfig; name = "Pods-BrockTherapy.debug.xcconfig"; path = "Target Support Files/Pods-BrockTherapy/Pods-BrockTherapy.debug.xcconfig"; sourceTree = "<group>"; };
/* End PBXFileReference section */

/* Begin PBXFrameworksBuildPhase section */
		19CD589D24A3425900E1C0D8 /* Frameworks */ = {
			isa = PBXFrameworksBuildPhase;
			buildActionMask = 2147483647;
			files = (
				2C6003F1D3876DBA3B346681 /* Pods_BrockTherapy.framework in Frameworks */,
			);
			runOnlyForDeploymentPostprocessing = 0;
		};
/* End PBXFrameworksBuildPhase section */

/* Begin PBXGroup section */
		19CD589724A3425900E1C0D8 = {
			isa = PBXGroup;
			children = (
				19CD58A224A3425900E1C0D8 /* BrockTherapy */,
				19CD58A124A3425900E1C0D8 /* Products */,
				216400C004B0F1A153FEE989 /* Pods */,
				57400A28A8818D8D5151D3A9 /* Frameworks */,
			);
			sourceTree = "<group>";
		};
		19CD58A124A3425900E1C0D8 /* Products */ = {
			isa = PBXGroup;
			children = (
				19CD58A024A3425900E1C0D8 /* BrockTherapy.app */,
			);
			name = Products;
			sourceTree = "<group>";
		};
		19CD58A224A3425900E1C0D8 /* BrockTherapy */ = {
			isa = PBXGroup;
			children = (
				19CD58A324A3425900E1C0D8 /* AppDelegate.swift */,
				19CD58A524A3425900E1C0D8 /* SceneDelegate.swift */,
				19CD58A724A3425900E1C0D8 /* HoldViewController.swift */,
				1935207A24CDD284004B286E /* TimerViewController.swift */,
				19CD58A924A3425900E1C0D8 /* Main.storyboard */,
				19CD58AC24A3425B00E1C0D8 /* Assets.xcassets */,
				19CD58AE24A3425B00E1C0D8 /* LaunchScreen.storyboard */,
				19CD58B124A3425B00E1C0D8 /* Info.plist */,
			);
			path = BrockTherapy;
			sourceTree = "<group>";
		};
		216400C004B0F1A153FEE989 /* Pods */ = {
			isa = PBXGroup;
			children = (
				B09CD3A09C21B5E3CEB25C75 /* Pods-BrockTherapy.debug.xcconfig */,
				79400C8FAE59ABC0173B1AFE /* Pods-BrockTherapy.release.xcconfig */,
			);
			name = Pods;
			path = Pods;
			sourceTree = "<group>";
		};
		57400A28A8818D8D5151D3A9 /* Frameworks */ = {
			isa = PBXGroup;
			children = (
				3C4FB709079E6801C6D03892 /* Pods_BrockTherapy.framework */,
			);
			name = Frameworks;
			sourceTree = "<group>";
		};
/* End PBXGroup section */

/* Begin PBXNativeTarget section */
		19CD589F24A3425900E1C0D8 /* BrockTherapy */ = {
			isa = PBXNativeTarget;
			buildConfigurationList = 19CD58B424A3425B00E1C0D8 /* Build configuration list for PBXNativeTarget "BrockTherapy" */;
			buildPhases = (
				EEF3C04592B2C287185AFD0C /* [CP] Check Pods Manifest.lock */,
				19CD589C24A3425900E1C0D8 /* Sources */,
				19CD589D24A3425900E1C0D8 /* Frameworks */,
				19CD589E24A3425900E1C0D8 /* Resources */,
				E37037845DB9E82014B7D012 /* [CP] Embed Pods Frameworks */,
			);
			buildRules = (
			);
			dependencies = (
			);
			name = BrockTherapy;
			productName = BrockTherapy;
			productReference = 19CD58A024A3425900E1C0D8 /* BrockTherapy.app */;
			productType = "com.apple.product-type.application";
		};
/* End PBXNativeTarget section */

/* Begin PBXProject section */
		19CD589824A3425900E1C0D8 /* Project object */ = {
			isa = PBXProject;
			attributes = {
				LastSwiftUpdateCheck = 1150;
				LastUpgradeCheck = 1150;
				ORGANIZATIONNAME = "Vihara Girihagama";
				TargetAttributes = {
					19CD589F24A3425900E1C0D8 = {
						CreatedOnToolsVersion = 11.5;
					};
				};
			};
			buildConfigurationList = 19CD589B24A3425900E1C0D8 /* Build configuration list for PBXProject "BrockTherapy" */;
			compatibilityVersion = "Xcode 9.3";
			developmentRegion = en;
			hasScannedForEncodings = 0;
			knownRegions = (
				en,
				Base,
			);
			mainGroup = 19CD589724A3425900E1C0D8;
			productRefGroup = 19CD58A124A3425900E1C0D8 /* Products */;
			projectDirPath = "";
			projectRoot = "";
			targets = (
				19CD589F24A3425900E1C0D8 /* BrockTherapy */,
			);
		};
/* End PBXProject section */

/* Begin PBXResourcesBuildPhase section */
		19CD589E24A3425900E1C0D8 /* Resources */ = {
			isa = PBXResourcesBuildPhase;
			buildActionMask = 2147483647;
			files = (
				19CD58B024A3425B00E1C0D8 /* LaunchScreen.storyboard in Resources */,
				19CD58AD24A3425B00E1C0D8 /* Assets.xcassets in Resources */,
				19CD58AB24A3425900E1C0D8 /* Main.storyboard in Resources */,
			);
			runOnlyForDeploymentPostprocessing = 0;
		};
/* End PBXResourcesBuildPhase section */

/* Begin PBXShellScriptBuildPhase section */
		E37037845DB9E82014B7D012 /* [CP] Embed Pods Frameworks */ = {
			isa = PBXShellScriptBuildPhase;
			buildActionMask = 2147483647;
			files = (
			);
			inputFileListPaths = (
				"${PODS_ROOT}/Target Support Files/Pods-BrockTherapy/Pods-BrockTherapy-frameworks-${CONFIGURATION}-input-files.xcfilelist",
			);
			name = "[CP] Embed Pods Frameworks";
			outputFileListPaths = (
				"${PODS_ROOT}/Target Support Files/Pods-BrockTherapy/Pods-BrockTherapy-frameworks-${CONFIGURATION}-output-files.xcfilelist",
			);
			runOnlyForDeploymentPostprocessing = 0;
			shellPath = /bin/sh;
			shellScript = "\"${PODS_ROOT}/Target Support Files/Pods-BrockTherapy/Pods-BrockTherapy-frameworks.sh\"\n";
			showEnvVarsInLog = 0;
		};
		EEF3C04592B2C287185AFD0C /* [CP] Check Pods Manifest.lock */ = {
			isa = PBXShellScriptBuildPhase;
			buildActionMask = 2147483647;
			files = (
			);
			inputFileListPaths = (
			);
			inputPaths = (
				"${PODS_PODFILE_DIR_PATH}/Podfile.lock",
				"${PODS_ROOT}/Manifest.lock",
			);
			name = "[CP] Check Pods Manifest.lock";
			outputFileListPaths = (
			);
			outputPaths = (
				"$(DERIVED_FILE_DIR)/Pods-BrockTherapy-checkManifestLockResult.txt",
			);
			runOnlyForDeploymentPostprocessing = 0;
			shellPath = /bin/sh;
			shellScript = "diff \"${PODS_PODFILE_DIR_PATH}/Podfile.lock\" \"${PODS_ROOT}/Manifest.lock\" > /dev/null\nif [ $? != 0 ] ; then\n    # print error to STDERR\n    echo \"error: The sandbox is not in sync with the Podfile.lock. Run 'pod install' or update your CocoaPods installation.\" >&2\n    exit 1\nfi\n# This output is used by Xcode 'outputs' to avoid re-running this script phase.\necho \"SUCCESS\" > \"${SCRIPT_OUTPUT_FILE_0}\"\n";
			showEnvVarsInLog = 0;
		};
/* End PBXShellScriptBuildPhase section */

/* Begin PBXSourcesBuildPhase section */
		19CD589C24A3425900E1C0D8 /* Sources */ = {
			isa = PBXSourcesBuildPhase;
			buildActionMask = 2147483647;
			files = (
				1935207B24CDD284004B286E /* TimerViewController.swift in Sources */,
				19CD58A824A3425900E1C0D8 /* HoldViewController.swift in Sources */,
				19CD58A424A3425900E1C0D8 /* AppDelegate.swift in Sources */,
				19CD58A624A3425900E1C0D8 /* SceneDelegate.swift in Sources */,
			);
			runOnlyForDeploymentPostprocessing = 0;
		};
/* End PBXSourcesBuildPhase section */

/* Begin PBXVariantGroup section */
		19CD58A924A3425900E1C0D8 /* Main.storyboard */ = {
			isa = PBXVariantGroup;
			children = (
				19CD58AA24A3425900E1C0D8 /* Base */,
			);
			name = Main.storyboard;
			sourceTree = "<group>";
		};
		19CD58AE24A3425B00E1C0D8 /* LaunchScreen.storyboard */ = {
			isa = PBXVariantGroup;
			children = (
				19CD58AF24A3425B00E1C0D8 /* Base */,
			);
			name = LaunchScreen.storyboard;
			sourceTree = "<group>";
		};
/* End PBXVariantGroup section */

/* Begin XCBuildConfiguration section */
		19CD58B224A3425B00E1C0D8 /* Debug */ = {
			isa = XCBuildConfiguration;
			buildSettings = {
				ALWAYS_SEARCH_USER_PATHS = NO;
				CLANG_ANALYZER_NONNULL = YES;
				CLANG_ANALYZER_NUMBER_OBJECT_CONVERSION = YES_AGGRESSIVE;
				CLANG_CXX_LANGUAGE_STANDARD = "gnu++14";
				CLANG_CXX_LIBRARY = "libc++";
				CLANG_ENABLE_MODULES = YES;
				CLANG_ENABLE_OBJC_ARC = YES;
				CLANG_ENABLE_OBJC_WEAK = YES;
				CLANG_WARN_BLOCK_CAPTURE_AUTORELEASING = YES;
				CLANG_WARN_BOOL_CONVERSION = YES;
				CLANG_WARN_COMMA = YES;
				CLANG_WARN_CONSTANT_CONVERSION = YES;
				CLANG_WARN_DEPRECATED_OBJC_IMPLEMENTATIONS = YES;
				CLANG_WARN_DIRECT_OBJC_ISA_USAGE = YES_ERROR;
				CLANG_WARN_DOCUMENTATION_COMMENTS = YES;
				CLANG_WARN_EMPTY_BODY = YES;
				CLANG_WARN_ENUM_CONVERSION = YES;
				CLANG_WARN_INFINITE_RECURSION = YES;
				CLANG_WARN_INT_CONVERSION = YES;
				CLANG_WARN_NON_LITERAL_NULL_CONVERSION = YES;
				CLANG_WARN_OBJC_IMPLICIT_RETAIN_SELF = YES;
				CLANG_WARN_OBJC_LITERAL_CONVERSION = YES;
				CLANG_WARN_OBJC_ROOT_CLASS = YES_ERROR;
				CLANG_WARN_RANGE_LOOP_ANALYSIS = YES;
				CLANG_WARN_STRICT_PROTOTYPES = YES;
				CLANG_WARN_SUSPICIOUS_MOVE = YES;
				CLANG_WARN_UNGUARDED_AVAILABILITY = YES_AGGRESSIVE;
				CLANG_WARN_UNREACHABLE_CODE = YES;
				CLANG_WARN__DUPLICATE_METHOD_MATCH = YES;
				COPY_PHASE_STRIP = NO;
				DEBUG_INFORMATION_FORMAT = dwarf;
				ENABLE_STRICT_OBJC_MSGSEND = YES;
				ENABLE_TESTABILITY = YES;
				GCC_C_LANGUAGE_STANDARD = gnu11;
				GCC_DYNAMIC_NO_PIC = NO;
				GCC_NO_COMMON_BLOCKS = YES;
				GCC_OPTIMIZATION_LEVEL = 0;
				GCC_PREPROCESSOR_DEFINITIONS = (
					"DEBUG=1",
					"$(inherited)",
				);
				GCC_WARN_64_TO_32_BIT_CONVERSION = YES;
				GCC_WARN_ABOUT_RETURN_TYPE = YES_ERROR;
				GCC_WARN_UNDECLARED_SELECTOR = YES;
				GCC_WARN_UNINITIALIZED_AUTOS = YES_AGGRESSIVE;
				GCC_WARN_UNUSED_FUNCTION = YES;
				GCC_WARN_UNUSED_VARIABLE = YES;
				IPHONEOS_DEPLOYMENT_TARGET = 13.5;
				MTL_ENABLE_DEBUG_INFO = INCLUDE_SOURCE;
				MTL_FAST_MATH = YES;
				ONLY_ACTIVE_ARCH = YES;
				SDKROOT = iphoneos;
				SWIFT_ACTIVE_COMPILATION_CONDITIONS = DEBUG;
				SWIFT_OPTIMIZATION_LEVEL = "-Onone";
			};
			name = Debug;
		};
		19CD58B324A3425B00E1C0D8 /* Release */ = {
			isa = XCBuildConfiguration;
			buildSettings = {
				ALWAYS_SEARCH_USER_PATHS = NO;
				CLANG_ANALYZER_NONNULL = YES;
				CLANG_ANALYZER_NUMBER_OBJECT_CONVERSION = YES_AGGRESSIVE;
				CLANG_CXX_LANGUAGE_STANDARD = "gnu++14";
				CLANG_CXX_LIBRARY = "libc++";
				CLANG_ENABLE_MODULES = YES;
				CLANG_ENABLE_OBJC_ARC = YES;
				CLANG_ENABLE_OBJC_WEAK = YES;
				CLANG_WARN_BLOCK_CAPTURE_AUTORELEASING = YES;
				CLANG_WARN_BOOL_CONVERSION = YES;
				CLANG_WARN_COMMA = YES;
				CLANG_WARN_CONSTANT_CONVERSION = YES;
				CLANG_WARN_DEPRECATED_OBJC_IMPLEMENTATIONS = YES;
				CLANG_WARN_DIRECT_OBJC_ISA_USAGE = YES_ERROR;
				CLANG_WARN_DOCUMENTATION_COMMENTS = YES;
				CLANG_WARN_EMPTY_BODY = YES;
				CLANG_WARN_ENUM_CONVERSION = YES;
				CLANG_WARN_INFINITE_RECURSION = YES;
				CLANG_WARN_INT_CONVERSION = YES;
				CLANG_WARN_NON_LITERAL_NULL_CONVERSION = YES;
				CLANG_WARN_OBJC_IMPLICIT_RETAIN_SELF = YES;
				CLANG_WARN_OBJC_LITERAL_CONVERSION = YES;
				CLANG_WARN_OBJC_ROOT_CLASS = YES_ERROR;
				CLANG_WARN_RANGE_LOOP_ANALYSIS = YES;
				CLANG_WARN_STRICT_PROTOTYPES = YES;
				CLANG_WARN_SUSPICIOUS_MOVE = YES;
				CLANG_WARN_UNGUARDED_AVAILABILITY = YES_AGGRESSIVE;
				CLANG_WARN_UNREACHABLE_CODE = YES;
				CLANG_WARN__DUPLICATE_METHOD_MATCH = YES;
				COPY_PHASE_STRIP = NO;
				DEBUG_INFORMATION_FORMAT = "dwarf-with-dsym";
				ENABLE_NS_ASSERTIONS = NO;
				ENABLE_STRICT_OBJC_MSGSEND = YES;
				GCC_C_LANGUAGE_STANDARD = gnu11;
				GCC_NO_COMMON_BLOCKS = YES;
				GCC_WARN_64_TO_32_BIT_CONVERSION = YES;
				GCC_WARN_ABOUT_RETURN_TYPE = YES_ERROR;
				GCC_WARN_UNDECLARED_SELECTOR = YES;
				GCC_WARN_UNINITIALIZED_AUTOS = YES_AGGRESSIVE;
				GCC_WARN_UNUSED_FUNCTION = YES;
				GCC_WARN_UNUSED_VARIABLE = YES;
				IPHONEOS_DEPLOYMENT_TARGET = 13.5;
				MTL_ENABLE_DEBUG_INFO = NO;
				MTL_FAST_MATH = YES;
				SDKROOT = iphoneos;
				SWIFT_COMPILATION_MODE = wholemodule;
				SWIFT_OPTIMIZATION_LEVEL = "-O";
				VALIDATE_PRODUCT = YES;
			};
			name = Release;
		};
		19CD58B524A3425B00E1C0D8 /* Debug */ = {
			isa = XCBuildConfiguration;
			baseConfigurationReference = B09CD3A09C21B5E3CEB25C75 /* Pods-BrockTherapy.debug.xcconfig */;
			buildSettings = {
				ASSETCATALOG_COMPILER_APPICON_NAME = AppIcon;
				CODE_SIGN_STYLE = Automatic;
				DEVELOPMENT_TEAM = 8U2MCHX538;
				INFOPLIST_FILE = BrockTherapy/Info.plist;
				LD_RUNPATH_SEARCH_PATHS = (
					"$(inherited)",
					"@executable_path/Frameworks",
				);
				PRODUCT_BUNDLE_IDENTIFIER = HS21.BrockTherapy;
				PRODUCT_NAME = "$(TARGET_NAME)";
				SWIFT_VERSION = 5.0;
				TARGETED_DEVICE_FAMILY = "1,2";
			};
			name = Debug;
		};
		19CD58B624A3425B00E1C0D8 /* Release */ = {
			isa = XCBuildConfiguration;
			baseConfigurationReference = 79400C8FAE59ABC0173B1AFE /* Pods-BrockTherapy.release.xcconfig */;
			buildSettings = {
				ASSETCATALOG_COMPILER_APPICON_NAME = AppIcon;
				CODE_SIGN_STYLE = Automatic;
				DEVELOPMENT_TEAM = 8U2MCHX538;
				INFOPLIST_FILE = BrockTherapy/Info.plist;
				LD_RUNPATH_SEARCH_PATHS = (
					"$(inherited)",
					"@executable_path/Frameworks",
				);
				PRODUCT_BUNDLE_IDENTIFIER = HS21.BrockTherapy;
				PRODUCT_NAME = "$(TARGET_NAME)";
				SWIFT_VERSION = 5.0;
				TARGETED_DEVICE_FAMILY = "1,2";
			};
			name = Release;
		};
/* End XCBuildConfiguration section */

/* Begin XCConfigurationList section */
		19CD589B24A3425900E1C0D8 /* Build configuration list for PBXProject "BrockTherapy" */ = {
			isa = XCConfigurationList;
			buildConfigurations = (
				19CD58B224A3425B00E1C0D8 /* Debug */,
				19CD58B324A3425B00E1C0D8 /* Release */,
			);
			defaultConfigurationIsVisible = 0;
			defaultConfigurationName = Release;
		};
		19CD58B424A3425B00E1C0D8 /* Build configuration list for PBXNativeTarget "BrockTherapy" */ = {
			isa = XCConfigurationList;
			buildConfigurations = (
				19CD58B524A3425B00E1C0D8 /* Debug */,
				19CD58B624A3425B00E1C0D8 /* Release */,
			);
			defaultConfigurationIsVisible = 0;
			defaultConfigurationName = Release;
		};
/* End XCConfigurationList section */
	};
	rootObject = 19CD589824A3425900E1C0D8 /* Project object */;
}
